
Microsoft Visual Studio Solution File, Format Version 12.00
# Visual Studio Version 17
VisualStudioVersion = 17.2.32616.157
MinimumVisualStudioVersion = 10.0.40219.1
Project("{2150E333-8FDC-42A3-9474-1A3956D46DE8}") = "src", "src", "{7D9A10D6-F808-4A07-B740-8C1A5D4079A6}"
EndProject
Project("{2150E333-8FDC-42A3-9474-1A3956D46DE8}") = "tests", "tests", "{7E31D40F-5C9F-4B23-AF62-6F936398C984}"
EndProject
Project("{9A19103F-16F7-4668-BE54-9A1E7A4F7556}") = "ShadyNagy.ApiTemplate.Core", "src\ShadyNagy.ApiTemplate.Core\ShadyNagy.ApiTemplate.Core.csproj", "{00118FC1-DD97-404C-96C7-AC84C6787C10}"
EndProject
Project("{9A19103F-16F7-4668-BE54-9A1E7A4F7556}") = "ShadyNagy.ApiTemplate.Infrastructure", "src\ShadyNagy.ApiTemplate.Infrastructure\ShadyNagy.ApiTemplate.Infrastructure.csproj", "{50D8748F-F609-4DDF-A013-EC2D673AE13F}"
EndProject
Project("{9A19103F-16F7-4668-BE54-9A1E7A4F7556}") = "ShadyNagy.ApiTemplate.Api", "src\ShadyNagy.ApiTemplate.Api\ShadyNagy.ApiTemplate.Api.csproj", "{5435CA90-6EEC-4A80-96DA-AFE6874E1B94}"
EndProject
Project("{9A19103F-16F7-4668-BE54-9A1E7A4F7556}") = "ShadyNagy.ApiTemplate.SharedKernel", "src\ShadyNagy.ApiTemplate.SharedKernel\ShadyNagy.ApiTemplate.SharedKernel.csproj", "{74439232-C0EE-4A63-A4CE-57B9174A45C4}"
EndProject
Project("{2150E333-8FDC-42A3-9474-1A3956D46DE8}") = "SolutionFiles", "SolutionFiles", "{22648ED7-9965-41E0-8C7E-DDDEE2AF2E11}"
	ProjectSection(SolutionItems) = preProject
		.editorconfig = .editorconfig
		.gitignore = .gitignore
		LICENSE = LICENSE
		nuget.config = nuget.config
		README.md = README.md
		ShadyNagy.ApiTemplate.nuspec = ShadyNagy.ApiTemplate.nuspec
		.template.config\template.json = .template.config\template.json
	EndProjectSection
EndProject
Project("{9A19103F-16F7-4668-BE54-9A1E7A4F7556}") = "ShadyNagy.ApiTemplate.FunctionalTests", "tests\ShadyNagy.ApiTemplate.FunctionalTests\ShadyNagy.ApiTemplate.FunctionalTests.csproj", "{1355E03E-C9D5-48CA-9E55-F189F6B6F98C}"
EndProject
Project("{9A19103F-16F7-4668-BE54-9A1E7A4F7556}") = "ShadyNagy.ApiTemplate.UnitTests", "tests\ShadyNagy.ApiTemplate.UnitTests\ShadyNagy.ApiTemplate.UnitTests.csproj", "{10F305FA-595E-45EE-8458-44D931311F28}"
EndProject
Project("{9A19103F-16F7-4668-BE54-9A1E7A4F7556}") = "ShadyNagy.ApiTemplate.TestsSharedKernel", "tests\ShadyNagy.ApiTemplate.TestsSharedKernel\ShadyNagy.ApiTemplate.TestsSharedKernel.csproj", "{1590D79B-94C9-42DB-9DBA-1ACD24C3534C}"
EndProject
Global
	GlobalSection(SolutionConfigurationPlatforms) = preSolution
		Debug|Any CPU = Debug|Any CPU
		Release|Any CPU = Release|Any CPU
	EndGlobalSection
	GlobalSection(ProjectConfigurationPlatforms) = postSolution
		{00118FC1-DD97-404C-96C7-AC84C6787C10}.Debug|Any CPU.ActiveCfg = Debug|Any CPU
		{00118FC1-DD97-404C-96C7-AC84C6787C10}.Debug|Any CPU.Build.0 = Debug|Any CPU
		{00118FC1-DD97-404C-96C7-AC84C6787C10}.Release|Any CPU.ActiveCfg = Release|Any CPU
		{00118FC1-DD97-404C-96C7-AC84C6787C10}.Release|Any CPU.Build.0 = Release|Any CPU
		{50D8748F-F609-4DDF-A013-EC2D673AE13F}.Debug|Any CPU.ActiveCfg = Debug|Any CPU
		{50D8748F-F609-4DDF-A013-EC2D673AE13F}.Debug|Any CPU.Build.0 = Debug|Any CPU
		{50D8748F-F609-4DDF-A013-EC2D673AE13F}.Release|Any CPU.ActiveCfg = Release|Any CPU
		{50D8748F-F609-4DDF-A013-EC2D673AE13F}.Release|Any CPU.Build.0 = Release|Any CPU
		{5435CA90-6EEC-4A80-96DA-AFE6874E1B94}.Debug|Any CPU.ActiveCfg = Debug|Any CPU
		{5435CA90-6EEC-4A80-96DA-AFE6874E1B94}.Debug|Any CPU.Build.0 = Debug|Any CPU
		{5435CA90-6EEC-4A80-96DA-AFE6874E1B94}.Release|Any CPU.ActiveCfg = Release|Any CPU
		{5435CA90-6EEC-4A80-96DA-AFE6874E1B94}.Release|Any CPU.Build.0 = Release|Any CPU
		{74439232-C0EE-4A63-A4CE-57B9174A45C4}.Debug|Any CPU.ActiveCfg = Debug|Any CPU
		{74439232-C0EE-4A63-A4CE-57B9174A45C4}.Debug|Any CPU.Build.0 = Debug|Any CPU
		{74439232-C0EE-4A63-A4CE-57B9174A45C4}.Release|Any CPU.ActiveCfg = Release|Any CPU
		{74439232-C0EE-4A63-A4CE-57B9174A45C4}.Release|Any CPU.Build.0 = Release|Any CPU
		{1355E03E-C9D5-48CA-9E55-F189F6B6F98C}.Debug|Any CPU.ActiveCfg = Debug|Any CPU
		{1355E03E-C9D5-48CA-9E55-F189F6B6F98C}.Debug|Any CPU.Build.0 = Debug|Any CPU
		{1355E03E-C9D5-48CA-9E55-F189F6B6F98C}.Release|Any CPU.ActiveCfg = Release|Any CPU
		{1355E03E-C9D5-48CA-9E55-F189F6B6F98C}.Release|Any CPU.Build.0 = Release|Any CPU
		{10F305FA-595E-45EE-8458-44D931311F28}.Debug|Any CPU.ActiveCfg = Debug|Any CPU
		{10F305FA-595E-45EE-8458-44D931311F28}.Debug|Any CPU.Build.0 = Debug|Any CPU
		{10F305FA-595E-45EE-8458-44D931311F28}.Release|Any CPU.ActiveCfg = Release|Any CPU
		{10F305FA-595E-45EE-8458-44D931311F28}.Release|Any CPU.Build.0 = Release|Any CPU
		{1590D79B-94C9-42DB-9DBA-1ACD24C3534C}.Debug|Any CPU.ActiveCfg = Debug|Any CPU
		{1590D79B-94C9-42DB-9DBA-1ACD24C3534C}.Debug|Any CPU.Build.0 = Debug|Any CPU
		{1590D79B-94C9-42DB-9DBA-1ACD24C3534C}.Release|Any CPU.ActiveCfg = Release|Any CPU
		{1590D79B-94C9-42DB-9DBA-1ACD24C3534C}.Release|Any CPU.Build.0 = Release|Any CPU
	EndGlobalSection
	GlobalSection(SolutionProperties) = preSolution
		HideSolutionNode = FALSE
	EndGlobalSection
	GlobalSection(NestedProjects) = preSolution
		{00118FC1-DD97-404C-96C7-AC84C6787C10} = {7D9A10D6-F808-4A07-B740-8C1A5D4079A6}
		{50D8748F-F609-4DDF-A013-EC2D673AE13F} = {7D9A10D6-F808-4A07-B740-8C1A5D4079A6}
		{5435CA90-6EEC-4A80-96DA-AFE6874E1B94} = {7D9A10D6-F808-4A07-B740-8C1A5D4079A6}
		{74439232-C0EE-4A63-A4CE-57B9174A45C4} = {7D9A10D6-F808-4A07-B740-8C1A5D4079A6}
		{1355E03E-C9D5-48CA-9E55-F189F6B6F98C} = {7E31D40F-5C9F-4B23-AF62-6F936398C984}
		{10F305FA-595E-45EE-8458-44D931311F28} = {7E31D40F-5C9F-4B23-AF62-6F936398C984}
		{1590D79B-94C9-42DB-9DBA-1ACD24C3534C} = {7E31D40F-5C9F-4B23-AF62-6F936398C984}
	EndGlobalSection
	GlobalSection(ExtensibilityGlobals) = postSolution
		SolutionGuid = {E4D0B470-13A3-4264-BFF5-58BC44CDA6F9}
	EndGlobalSection
EndGlobal
